
Microsoft Visual Studio Solution File, Format Version 12.00
# Visual Studio Version 17
VisualStudioVersion = 17.4.33122.133
MinimumVisualStudioVersion = 10.0.40219.1
Project("{FAE04EC0-301F-11D3-BF4B-00C04F79EFBC}") = "BAckendApi", "BAckendApi.csproj", "{8EB04E1A-5893-4A32-92C7-F639A763EB71}"
EndProject
Global
	GlobalSection(SolutionConfigurationPlatforms) = preSolution
		Debug|Any CPU = Debug|Any CPU
		Release|Any CPU = Release|Any CPU
	EndGlobalSection
	GlobalSection(ProjectConfigurationPlatforms) = postSolution
		{8EB04E1A-5893-4A32-92C7-F639A763EB71}.Debug|Any CPU.ActiveCfg = Debug|Any CPU
		{8EB04E1A-5893-4A32-92C7-F639A763EB71}.Debug|Any CPU.Build.0 = Debug|Any CPU
		{8EB04E1A-5893-4A32-92C7-F639A763EB71}.Release|Any CPU.ActiveCfg = Release|Any CPU
		{8EB04E1A-5893-4A32-92C7-F639A763EB71}.Release|Any CPU.Build.0 = Release|Any CPU
	EndGlobalSection
	GlobalSection(SolutionProperties) = preSolution
		HideSolutionNode = FALSE
	EndGlobalSection
	GlobalSection(ExtensibilityGlobals) = postSolution
		SolutionGuid = {3B5864A7-C6A0-4407-88A0-D1A097E4B1A3}
	EndGlobalSection
EndGlobal
